
Microsoft Visual Studio Solution File, Format Version 12.00
# Visual Studio Version 17
VisualStudioVersion = 17.14.36705.20 d17.14
MinimumVisualStudioVersion = 10.0.40219.1
Project("{FAE04EC0-301F-11D3-BF4B-00C04F79EFBC}") = "rasberry_pi_pico_front_mvc", "rasberry_pi_pico_front_mvc.csproj", "{04CC0BB7-A827-4A6D-9DFC-97ED0E999942}"
EndProject
Global
	GlobalSection(SolutionConfigurationPlatforms) = preSolution
		Debug|Any CPU = Debug|Any CPU
		Release|Any CPU = Release|Any CPU
	EndGlobalSection
	GlobalSection(ProjectConfigurationPlatforms) = postSolution
		{04CC0BB7-A827-4A6D-9DFC-97ED0E999942}.Debug|Any CPU.ActiveCfg = Debug|Any CPU
		{04CC0BB7-A827-4A6D-9DFC-97ED0E999942}.Debug|Any CPU.Build.0 = Debug|Any CPU
		{04CC0BB7-A827-4A6D-9DFC-97ED0E999942}.Release|Any CPU.ActiveCfg = Release|Any CPU
		{04CC0BB7-A827-4A6D-9DFC-97ED0E999942}.Release|Any CPU.Build.0 = Release|Any CPU
	EndGlobalSection
	GlobalSection(SolutionProperties) = preSolution
		HideSolutionNode = FALSE
	EndGlobalSection
	GlobalSection(ExtensibilityGlobals) = postSolution
		SolutionGuid = {ED475B61-A4DA-427A-9EB6-004341A3144E}
	EndGlobalSection
EndGlobal
